
Microsoft Visual Studio Solution File, Format Version 12.00
# Visual Studio Version 17
VisualStudioVersion = 17.10.35013.160
MinimumVisualStudioVersion = 10.0.40219.1
Project("{FAE04EC0-301F-11D3-BF4B-00C04F79EFBC}") = "ConsoleFileManagerAPI", "ConsoleFileManagerAPI\ConsoleFileManagerAPI.csproj", "{409E4E1D-171C-49BE-A6D7-64728F1EAFC9}"
EndProject
Global
	GlobalSection(SolutionConfigurationPlatforms) = preSolution
		Debug|Any CPU = Debug|Any CPU
		Release|Any CPU = Release|Any CPU
	EndGlobalSection
	GlobalSection(ProjectConfigurationPlatforms) = postSolution
		{409E4E1D-171C-49BE-A6D7-64728F1EAFC9}.Debug|Any CPU.ActiveCfg = Debug|Any CPU
		{409E4E1D-171C-49BE-A6D7-64728F1EAFC9}.Debug|Any CPU.Build.0 = Debug|Any CPU
		{409E4E1D-171C-49BE-A6D7-64728F1EAFC9}.Release|Any CPU.ActiveCfg = Release|Any CPU
		{409E4E1D-171C-49BE-A6D7-64728F1EAFC9}.Release|Any CPU.Build.0 = Release|Any CPU
	EndGlobalSection
	GlobalSection(SolutionProperties) = preSolution
		HideSolutionNode = FALSE
	EndGlobalSection
	GlobalSection(ExtensibilityGlobals) = postSolution
		SolutionGuid = {8A7AAB1B-FF2B-4CD6-892B-97C21FFAE36E}
	EndGlobalSection
EndGlobal
